[[package]]
category = "dev"
description = "An abstract syntax tree for Python with inference support."
name = "astroid"
optional = false
python-versions = ">=3.4.*"
version = "2.2.5"

[package.dependencies]
lazy-object-proxy = "*"
six = "*"
typed-ast = ">=1.3.0"
wrapt = "*"

[[package]]
category = "dev"
description = "Atomic file writes."
name = "atomicwrites"
optional = false
python-versions = ">=2.7, !=3.0.*, !=3.1.*, !=3.2.*, !=3.3.*"
version = "1.3.0"

[[package]]
category = "dev"
description = "Classes Without Boilerplate"
name = "attrs"
optional = false
python-versions = ">=2.7, !=3.0.*, !=3.1.*, !=3.2.*, !=3.3.*"
version = "19.1.0"

[[package]]
category = "dev"
description = "Cross-platform colored terminal text."
marker = "sys_platform == \"win32\""
name = "colorama"
optional = false
python-versions = ">=2.7, !=3.0.*, !=3.1.*, !=3.2.*, !=3.3.*"
version = "0.4.1"

[[package]]
category = "dev"
description = "A Python utility / library to sort Python imports."
name = "isort"
optional = false
python-versions = ">=2.7, !=3.0.*, !=3.1.*, !=3.2.*, !=3.3.*"
version = "4.3.16"

[[package]]
category = "dev"
description = "A fast and thorough lazy object proxy."
name = "lazy-object-proxy"
optional = false
python-versions = "*"
version = "1.3.1"

[[package]]
category = "dev"
description = "McCabe checker, plugin for flake8"
name = "mccabe"
optional = false
python-versions = "*"
version = "0.6.1"

[[package]]
category = "dev"
description = "More routines for operating on iterables, beyond itertools"
name = "more-itertools"
optional = false
python-versions = ">=3.4"
version = "7.0.0"

[[package]]
category = "main"
description = "Panda3D is a framework for 3D rendering and game development for Python and C++ programs."
name = "panda3d"
optional = false
python-versions = "*"
version = "1.10.2"

[[package]]
category = "dev"
description = "plugin and hook calling mechanisms for python"
name = "pluggy"
optional = false
python-versions = ">=2.7, !=3.0.*, !=3.1.*, !=3.2.*, !=3.3.*"
version = "0.9.0"

[[package]]
category = "dev"
description = "library with cross-python path, ini-parsing, io, code, log facilities"
name = "py"
optional = false
python-versions = ">=2.7, !=3.0.*, !=3.1.*, !=3.2.*, !=3.3.*"
version = "1.8.0"

[[package]]
category = "dev"
description = "python code static checker"
name = "pylint"
optional = false
python-versions = ">=3.4.*"
version = "2.3.1"

[package.dependencies]
astroid = ">=2.2.0,<3"
colorama = "*"
isort = ">=4.2.5,<5"
mccabe = ">=0.6,<0.7"

[[package]]
category = "dev"
description = "pytest: simple powerful testing with Python"
name = "pytest"
optional = false
python-versions = ">=2.7, !=3.0.*, !=3.1.*, !=3.2.*, !=3.3.*"
version = "3.10.1"

[package.dependencies]
atomicwrites = ">=1.0"
attrs = ">=17.4.0"
colorama = "*"
more-itertools = ">=4.0.0"
pluggy = ">=0.7"
py = ">=1.5.0"
setuptools = "*"
six = ">=1.10.0"

[[package]]
category = "dev"
description = "Python 2 and 3 compatibility utilities"
name = "six"
optional = false
python-versions = ">=2.6, !=3.0.*, !=3.1.*"
version = "1.12.0"

[[package]]
category = "dev"
description = "a fork of Python 2 and 3 ast modules with type comment support"
marker = "implementation_name == \"cpython\""
name = "typed-ast"
optional = false
python-versions = "*"
version = "1.3.1"

[[package]]
category = "dev"
description = "Module for decorators, wrappers and monkey patching."
name = "wrapt"
optional = false
python-versions = "*"
version = "1.11.1"

[metadata]
content-hash = "c5f25a48b70bebc2d002c93308849ec870631d621df6570f928f5488938839e1"
python-versions = "^3.7"

[metadata.hashes]
astroid = ["6560e1e1749f68c64a4b5dee4e091fce798d2f0d84ebe638cf0e0585a343acf4", "b65db1bbaac9f9f4d190199bb8680af6f6f84fd3769a5ea883df8a91fe68b4c4"]
atomicwrites = ["03472c30eb2c5d1ba9227e4c2ca66ab8287fbfbbda3888aa93dc2e28fc6811b4", "75a9445bac02d8d058d5e1fe689654ba5a6556a1dfd8ce6ec55a0ed79866cfa6"]
attrs = ["69c0dbf2ed392de1cb5ec704444b08a5ef81680a61cb899dc08127123af36a79", "f0b870f674851ecbfbbbd364d6b5cbdff9dcedbc7f3f5e18a6891057f21fe399"]
colorama = ["05eed71e2e327246ad6b38c540c4a3117230b19679b875190486ddd2d721422d", "f8ac84de7840f5b9c4e3347b3c1eaa50f7e49c2b07596221daec5edaabbd7c48"]
isort = ["08f8e3f0f0b7249e9fad7e5c41e2113aba44969798a26452ee790c06f155d4ec", "4e9e9c4bd1acd66cf6c36973f29b031ec752cbfd991c69695e4e259f9a756927"]
lazy-object-proxy = ["0ce34342b419bd8f018e6666bfef729aec3edf62345a53b537a4dcc115746a33", "1b668120716eb7ee21d8a38815e5eb3bb8211117d9a90b0f8e21722c0758cc39", "209615b0fe4624d79e50220ce3310ca1a9445fd8e6d3572a896e7f9146bbf019", "27bf62cb2b1a2068d443ff7097ee33393f8483b570b475db8ebf7e1cba64f088", "27ea6fd1c02dcc78172a82fc37fcc0992a94e4cecf53cb6d73f11749825bd98b", "2c1b21b44ac9beb0fc848d3993924147ba45c4ebc24be19825e57aabbe74a99e", "2df72ab12046a3496a92476020a1a0abf78b2a7db9ff4dc2036b8dd980203ae6", "320ffd3de9699d3892048baee45ebfbbf9388a7d65d832d7e580243ade426d2b", "50e3b9a464d5d08cc5227413db0d1c4707b6172e4d4d915c1c70e4de0bbff1f5", "5276db7ff62bb7b52f77f1f51ed58850e315154249aceb42e7f4c611f0f847ff", "61a6cf00dcb1a7f0c773ed4acc509cb636af2d6337a08f362413c76b2b47a8dd", "6ae6c4cb59f199d8827c5a07546b2ab7e85d262acaccaacd49b62f53f7c456f7", "7661d401d60d8bf15bb5da39e4dd72f5d764c5aff5a86ef52a042506e3e970ff", "7bd527f36a605c914efca5d3d014170b2cb184723e423d26b1fb2fd9108e264d", "7cb54db3535c8686ea12e9535eb087d32421184eacc6939ef15ef50f83a5e7e2", "7f3a2d740291f7f2c111d86a1c4851b70fb000a6c8883a59660d95ad57b9df35", "81304b7d8e9c824d058087dcb89144842c8e0dea6d281c031f59f0acf66963d4", "933947e8b4fbe617a51528b09851685138b49d511af0b6c0da2539115d6d4514", "94223d7f060301b3a8c09c9b3bc3294b56b2188e7d8179c762a1cda72c979252", "ab3ca49afcb47058393b0122428358d2fbe0408cf99f1b58b295cfeb4ed39109", "bd6292f565ca46dee4e737ebcc20742e3b5be2b01556dafe169f6c65d088875f", "cb924aa3e4a3fb644d0c463cad5bc2572649a6a3f68a7f8e4fbe44aaa6d77e4c", "d0fc7a286feac9077ec52a927fc9fe8fe2fabab95426722be4c953c9a8bede92", "ddc34786490a6e4ec0a855d401034cbd1242ef186c20d79d2166d6a4bd449577", "e34b155e36fa9da7e1b7c738ed7767fc9491a62ec6af70fe9da4a057759edc2d", "e5b9e8f6bda48460b7b143c3821b21b452cb3a835e6bbd5dd33aa0c8d3f5137d", "e81ebf6c5ee9684be8f2c87563880f93eedd56dd2b6146d8a725b50b7e5adb0f", "eb91be369f945f10d3a49f5f9be8b3d0b93a4c2be8f8a5b83b0571b8123e0a7a", "f460d1ceb0e4a5dcb2a652db0904224f367c9b3c1470d5a7683c0480e582468b"]
mccabe = ["ab8a6258860da4b6677da4bd2fe5dc2c659cff31b3ee4f7f5d64e79735b80d42", "dd8d182285a0fe56bace7f45b5e7d1a6ebcbf524e8f3bd87eb0f125271b8831f"]
more-itertools = ["2112d2ca570bb7c3e53ea1a35cd5df42bb0fd10c45f0fb97178679c3c03d64c7", "c3e4748ba1aad8dba30a4886b0b1a2004f9a863837b8654e7059eebf727afa5a"]
panda3d = ["195c1acdd4b291badd5873c81421cd6f62048506ee5b26c2d56a3f7bd0b3584e", "1b745d48eefd447359935ed415e00698dbfc2608d17bd4757368cdaed47751a0", "269b8a8f49eaa4bbeb5dbbd416ba6e88540ae8976d09e6d757f6e3b9142face0", "27aabca005f310ca763e89c2459260f20ff40549202094b03dde0f7ab532eae1", "297fb17908a010efb84c04ddd00a04a59d354bb6cb34564e01b5f6a069123fc3", "2a5052896551e4f619cf8c73346df45afa6b55fdced6edabc9bf45f93ed8dec5", "3223eba9a450c762d2e9bf3b20229fba307faf94b97503c830bede6491223b90", "32ebf80ec0027fa19bafc7d48131782c2123556e1970a8255d85647350bbdcfa", "35a627c7de0f0cc3441d8482dd116d5cd834969ed849cf5af6c634512e690885", "3729d4376e9aeb801d25f9d5ae16bf54f2a3614032210c6c92c7ed2e12736240", "3bc0a7ebf9636f6e8a747d0061c0232dfb00b991cbe5d357586dc44493d4a043", "4ce3b1445369480816e6b05e1f5cc578df2d08630f2dc9d23b9a9f5ba1752e67", "62838424e10f11240384f4fd1b6227982183d15e53d2908cd9495dc7085067cd", "70abb5d48e9d5263cad56cc13f80d9eaf9074b6e28ee851c9d99d4376672d852", "89bd5e221cd23f8a9b267c390fc32a297fd01aa5545bc0f395ef475f2ff0fa17", "937eb87a012d62cbaff3ded58e085494133e7b0560847fbb5a86c94d87b1f34c", "9ca9c294a15b2912e30f0bc7bf10bb48c8f684904e95b7f47cf143de4e8ec3f6", "ac37c3bf0f7ed33441c3e8e83ad5f8933213bd3b713563ddbe1c544ab74cc487", "c272abaa93531a0dcdc4efc8a3c2527c3a1deb41080e6714543e31a55d2113dd", "c75a96d6783f9ea1f2fdbb4b02d4edb3ddb96391fc2b3bbe67cc5b208b070f87", "d3833022e5301c4f8d7e70d1cc23857004fa64f67078c845967ec0c110c81bd4", "db287bc360db3bfb6fb9189a23e71fc64232a515d4f86f733d1079712896b0ef", "e2dd9f4950bf635178fd221745cc8b2fd644ff5691072def3a27ac9d8580d0a9", "e38551e16493d0dcc86ba133184d3f5e3826c1ddbe9f43845e44408ba7c3de29", "e50ff3db66cd5b53e2d16568f3ef443c0c9c76563ad75bc684502b281a8c95a4", "e8c0594fa47fec51397d5e518bff6f8d6f56df123d4eb7c35204ef6b11e04704", "edd6b453e18279932656d0d65cedbc8b4becf31d1f367f0e65cc059c81b4041a", "f02dc5c3cd17c15fadf6419f3ed69024e9078eaec8c291c2a200cc99bfe20988"]
pluggy = ["19ecf9ce9db2fce065a7a0586e07cfb4ac8614fe96edf628a264b1c70116cf8f", "84d306a647cc805219916e62aab89caa97a33a1dd8c342e87a37f91073cd4746"]
py = ["64f65755aee5b381cea27766a3a147c3f15b9b6b9ac88676de66ba2ae36793fa", "dc639b046a6e2cff5bbe40194ad65936d6ba360b52b3c3fe1d08a82dd50b5e53"]
pylint = ["5d77031694a5fb97ea95e828c8d10fc770a1df6eb3906067aaed42201a8a6a09", "723e3db49555abaf9bf79dc474c6b9e2935ad82230b10c1138a71ea41ac0fff1"]
pytest = ["3f193df1cfe1d1609d4c583838bea3d532b18d6160fd3f55c9447fdca30848ec", "e246cf173c01169b9617fc07264b7b1316e78d7a650055235d6d897bc80d9660"]
six = ["3350809f0555b11f552448330d0b52d5f24c91a322ea4a15ef22629740f3761c", "d16a0141ec1a18405cd4ce8b4613101da75da0e9a7aec5bdd4fa804d0e0eba73"]
typed-ast = ["035a54ede6ce1380599b2ce57844c6554666522e376bd111eb940fbc7c3dad23", "037c35f2741ce3a9ac0d55abfcd119133cbd821fffa4461397718287092d9d15", "049feae7e9f180b64efacbdc36b3af64a00393a47be22fa9cb6794e68d4e73d3", "19228f7940beafc1ba21a6e8e070e0b0bfd1457902a3a81709762b8b9039b88d", "2ea681e91e3550a30c2265d2916f40a5f5d89b59469a20f3bad7d07adee0f7a6", "3a6b0a78af298d82323660df5497bcea0f0a4a25a0b003afd0ce5af049bd1f60", "5385da8f3b801014504df0852bf83524599df890387a3c2b17b7caa3d78b1773", "606d8afa07eef77280c2bf84335e24390055b478392e1975f96286d99d0cb424", "69245b5b23bbf7fb242c9f8f08493e9ecd7711f063259aefffaeb90595d62287", "6f6d839ab09830d59b7fa8fb6917023d8cb5498ee1f1dbd82d37db78eb76bc99", "730888475f5ac0e37c1de4bd05eeb799fdb742697867f524dc8a4cd74bcecc23", "9819b5162ffc121b9e334923c685b0d0826154e41dfe70b2ede2ce29034c71d8", "9e60ef9426efab601dd9aa120e4ff560f4461cf8442e9c0a2b92548d52800699", "af5fbdde0690c7da68e841d7fc2632345d570768ea7406a9434446d7b33b0ee1", "b64efdbdf3bbb1377562c179f167f3bf301251411eb5ac77dec6b7d32bcda463", "bac5f444c118aeb456fac1b0b5d14c6a71ea2a42069b09c176f75e9bd4c186f6", "bda9068aafb73859491e13b99b682bd299c1b5fd50644d697533775828a28ee0", "d659517ca116e6750101a1326107d3479028c5191f0ecee3c7203c50f5b915b0", "eddd3fb1f3e0f82e5915a899285a39ee34ce18fd25d89582bc89fc9fb16cd2c6"]
wrapt = ["4aea003270831cceb8a90ff27c4031da6ead7ec1886023b80ce0dfe0adf61533"]
